PODS:
  - LITLightweightStore (0.1.2):
    - UICKeyChainStore
  - UICKeyChainStore (2.1.0)

DEPENDENCIES:
  - LITLightweightStore (from `../`)

SPEC REPOS:
  https://github.com/cocoapods/specs.git:
    - UICKeyChainStore

EXTERNAL SOURCES:
  LITLightweightStore:
    :path: "../"

SPEC CHECKSUMS:
  LITLightweightStore: 1e2c198072925ad9510cc9a510d16e4ee364e041
  UICKeyChainStore: f1cbd42216a113f0165de1e733e62905b8823432

PODFILE CHECKSUM: 53b5a2ae34684186f773dcac74b939e537c717d1

COCOAPODS: 1.5.3
